
Microsoft Visual Studio Solution File, Format Version 12.00
# Visual Studio 14
VisualStudioVersion = 14.0.24720.0
MinimumVisualStudioVersion = 10.0.40219.1
Project("{FAE04EC0-301F-11D3-BF4B-00C04F79EFBC}") = "CanonicalTypes", "CanonicalTypes\CanonicalTypes.csproj", "{933C6F6E-62FD-4EBF-B1A8-D58BBCAE979E}"
EndProject
Project("{FAE04EC0-301F-11D3-BF4B-00C04F79EFBC}") = "CanonicalTypesTest", "CanonicalTypesTest\CanonicalTypesTest.csproj", "{12B4D9E6-1A2C-44C5-90A8-0061369E3C15}"
EndProject
Global
	GlobalSection(SolutionConfigurationPlatforms) = preSolution
		Debug|Any CPU = Debug|Any CPU
		Release|Any CPU = Release|Any CPU
	EndGlobalSection
	GlobalSection(ProjectConfigurationPlatforms) = postSolution
		{933C6F6E-62FD-4EBF-B1A8-D58BBCAE979E}.Debug|Any CPU.ActiveCfg = Debug|Any CPU
		{933C6F6E-62FD-4EBF-B1A8-D58BBCAE979E}.Debug|Any CPU.Build.0 = Debug|Any CPU
		{933C6F6E-62FD-4EBF-B1A8-D58BBCAE979E}.Release|Any CPU.ActiveCfg = Release|Any CPU
		{933C6F6E-62FD-4EBF-B1A8-D58BBCAE979E}.Release|Any CPU.Build.0 = Release|Any CPU
		{12B4D9E6-1A2C-44C5-90A8-0061369E3C15}.Debug|Any CPU.ActiveCfg = Debug|Any CPU
		{12B4D9E6-1A2C-44C5-90A8-0061369E3C15}.Debug|Any CPU.Build.0 = Debug|Any CPU
		{12B4D9E6-1A2C-44C5-90A8-0061369E3C15}.Release|Any CPU.ActiveCfg = Release|Any CPU
		{12B4D9E6-1A2C-44C5-90A8-0061369E3C15}.Release|Any CPU.Build.0 = Release|Any CPU
	EndGlobalSection
	GlobalSection(SolutionProperties) = preSolution
		HideSolutionNode = FALSE
	EndGlobalSection
EndGlobal
